
Microsoft Visual Studio Solution File, Format Version 12.00
# Visual Studio Version 16
VisualStudioVersion = 16.0.31205.134
MinimumVisualStudioVersion = 10.0.40219.1
Project("{FAE04EC0-301F-11D3-BF4B-00C04F79EFBC}") = "TriggersWithEFCore", "TriggersWithEFCore\TriggersWithEFCore.csproj", "{D9C2FA4D-21DF-41AD-A62B-D0817791ACC8}"
EndProject
Global
	GlobalSection(SolutionConfigurationPlatforms) = preSolution
		Debug|Any CPU = Debug|Any CPU
		Release|Any CPU = Release|Any CPU
	EndGlobalSection
	GlobalSection(ProjectConfigurationPlatforms) = postSolution
		{D9C2FA4D-21DF-41AD-A62B-D0817791ACC8}.Debug|Any CPU.ActiveCfg = Debug|Any CPU
		{D9C2FA4D-21DF-41AD-A62B-D0817791ACC8}.Debug|Any CPU.Build.0 = Debug|Any CPU
		{D9C2FA4D-21DF-41AD-A62B-D0817791ACC8}.Release|Any CPU.ActiveCfg = Release|Any CPU
		{D9C2FA4D-21DF-41AD-A62B-D0817791ACC8}.Release|Any CPU.Build.0 = Release|Any CPU
	EndGlobalSection
	GlobalSection(SolutionProperties) = preSolution
		HideSolutionNode = FALSE
	EndGlobalSection
	GlobalSection(ExtensibilityGlobals) = postSolution
		SolutionGuid = {987B83BB-B26E-4E7A-92B8-82D7C314D36D}
	EndGlobalSection
EndGlobal
